
Microsoft Visual Studio Solution File, Format Version 12.00
# Visual Studio Version 16
VisualStudioVersion = 16.0.29613.14
MinimumVisualStudioVersion = 10.0.40219.1
Project("{FAE04EC0-301F-11D3-BF4B-00C04F79EFBC}") = "ResgistroUsuario", "ResgistroUsuario.csproj", "{6A5D1E23-1300-488D-8C35-22AF2AE015F3}"
EndProject
Global
	GlobalSection(SolutionConfigurationPlatforms) = preSolution
		Debug|Any CPU = Debug|Any CPU
		Release|Any CPU = Release|Any CPU
	EndGlobalSection
	GlobalSection(ProjectConfigurationPlatforms) = postSolution
		{6A5D1E23-1300-488D-8C35-22AF2AE015F3}.Debug|Any CPU.ActiveCfg = Debug|Any CPU
		{6A5D1E23-1300-488D-8C35-22AF2AE015F3}.Debug|Any CPU.Build.0 = Debug|Any CPU
		{6A5D1E23-1300-488D-8C35-22AF2AE015F3}.Release|Any CPU.ActiveCfg = Release|Any CPU
		{6A5D1E23-1300-488D-8C35-22AF2AE015F3}.Release|Any CPU.Build.0 = Release|Any CPU
	EndGlobalSection
	GlobalSection(SolutionProperties) = preSolution
		HideSolutionNode = FALSE
	EndGlobalSection
	GlobalSection(ExtensibilityGlobals) = postSolution
		SolutionGuid = {D1FCE225-D1FF-4A9A-8054-A4B15F429FB2}
	EndGlobalSection
EndGlobal
